// !$*UTF8*$!
{
	archiveVersion = 1;
	classes = {
	};
	objectVersion = 46;
	objects = {

/* Begin PBXBuildFile section */
		5E1880A81E2DD5D4000197A0 /* AppDelegate.swift in Sources */ = {isa = PBXBuildFile; fileRef = 5E1880A71E2DD5D4000197A0 /* AppDelegate.swift */; };
		5E1880AA1E2DD5D4000197A0 /* FriendSelectionViewController.swift in Sources */ = {isa = PBXBuildFile; fileRef = 5E1880A91E2DD5D4000197A0 /* FriendSelectionViewController.swift */; };
		5E1880AD1E2DD5D4000197A0 /* Main.storyboard in Resources */ = {isa = PBXBuildFile; fileRef = 5E1880AB1E2DD5D4000197A0 /* Main.storyboard */; };
		5E1880B01E2DD5D4000197A0 /* GiftLister.xcdatamodeld in Sources */ = {isa = PBXBuildFile; fileRef = 5E1880AE1E2DD5D4000197A0 /* GiftLister.xcdatamodeld */; };
		5E1880B21E2DD5D4000197A0 /* Assets.xcassets in Resources */ = {isa = PBXBuildFile; fileRef = 5E1880B11E2DD5D4000197A0 /* Assets.xcassets */; };
		5E1880B51E2DD5D4000197A0 /* LaunchScreen.storyboard in Resources */ = {isa = PBXBuildFile; fileRef = 5E1880B31E2DD5D4000197A0 /* LaunchScreen.storyboard */; };
		5EE8532C1E33CDBF001E46C3 /* AddFriendViewController.swift in Sources */ = {isa = PBXBuildFile; fileRef = 5EE8532B1E33CDBF001E46C3 /* AddFriendViewController.swift */; };
		5EE8532E1E33CDE8001E46C3 /* GiftListViewController.swift in Sources */ = {isa = PBXBuildFile; fileRef = 5EE8532D1E33CDE8001E46C3 /* GiftListViewController.swift */; };
		5EE853301E33CDFB001E46C3 /* AddGiftViewController.swift in Sources */ = {isa = PBXBuildFile; fileRef = 5EE8532F1E33CDFB001E46C3 /* AddGiftViewController.swift */; };
/* End PBXBuildFile section */

/* Begin PBXFileReference section */
		5E1880A41E2DD5D4000197A0 /* GiftLister.app */ = {isa = PBXFileReference; explicitFileType = wrapper.application; includeInIndex = 0; path = GiftLister.app; sourceTree = BUILT_PRODUCTS_DIR; };
		5E1880A71E2DD5D4000197A0 /* AppDelegate.swift */ = {isa = PBXFileReference; lastKnownFileType = sourcecode.swift; path = AppDelegate.swift; sourceTree = "<group>"; };
		5E1880A91E2DD5D4000197A0 /* FriendSelectionViewController.swift */ = {isa = PBXFileReference; lastKnownFileType = sourcecode.swift; path = FriendSelectionViewController.swift; sourceTree = "<group>"; };
		5E1880AC1E2DD5D4000197A0 /* Base */ = {isa = PBXFileReference; lastKnownFileType = file.storyboard; name = Base; path = Base.lproj/Main.storyboard; sourceTree = "<group>"; };
		5E1880AF1E2DD5D4000197A0 /* GiftLister.xcdatamodel */ = {isa = PBXFileReference; lastKnownFileType = wrapper.xcdatamodel; path = GiftLister.xcdatamodel; sourceTree = "<group>"; };
		5E1880B11E2DD5D4000197A0 /* Assets.xcassets */ = {isa = PBXFileReference; lastKnownFileType = folder.assetcatalog; path = Assets.xcassets; sourceTree = "<group>"; };
		5E1880B41E2DD5D4000197A0 /* Base */ = {isa = PBXFileReference; lastKnownFileType = file.storyboard; name = Base; path = Base.lproj/LaunchScreen.storyboard; sourceTree = "<group>"; };
		5E1880B61E2DD5D4000197A0 /* Info.plist */ = {isa = PBXFileReference; lastKnownFileType = text.plist.xml; path = Info.plist; sourceTree = "<group>"; };
		5E1880CE1E2DDE4D000197A0 /* Script.sh */ = {isa = PBXFileReference; lastKnownFileType = text.script.sh; path = Script.sh; sourceTree = "<group>"; };
		5EE8532B1E33CDBF001E46C3 /* AddFriendViewController.swift */ = {isa = PBXFileReference; fileEncoding = 4; lastKnownFileType = sourcecode.swift; path = AddFriendViewController.swift; sourceTree = "<group>"; };
		5EE8532D1E33CDE8001E46C3 /* GiftListViewController.swift */ = {isa = PBXFileReference; fileEncoding = 4; lastKnownFileType = sourcecode.swift; path = GiftListViewController.swift; sourceTree = "<group>"; };
		5EE8532F1E33CDFB001E46C3 /* AddGiftViewController.swift */ = {isa = PBXFileReference; fileEncoding = 4; lastKnownFileType = sourcecode.swift; path = AddGiftViewController.swift; sourceTree = "<group>"; };
/* End PBXFileReference section */

/* Begin PBXFrameworksBuildPhase section */
		5E1880A11E2DD5D4000197A0 /* Frameworks */ = {
			isa = PBXFrameworksBuildPhase;
			buildActionMask = 2147483647;
			files = (
			);
			runOnlyForDeploymentPostprocessing = 0;
		};
/* End PBXFrameworksBuildPhase section */

/* Begin PBXGroup section */
		5E18809B1E2DD5D3000197A0 = {
			isa = PBXGroup;
			children = (
				5E1880A61E2DD5D4000197A0 /* GiftLister */,
				5E1880A51E2DD5D4000197A0 /* Products */,
			);
			sourceTree = "<group>";
		};
		5E1880A51E2DD5D4000197A0 /* Products */ = {
			isa = PBXGroup;
			children = (
				5E1880A41E2DD5D4000197A0 /* GiftLister.app */,
			);
			name = Products;
			sourceTree = "<group>";
		};
		5E1880A61E2DD5D4000197A0 /* GiftLister */ = {
			isa = PBXGroup;
			children = (
				5E1880CD1E2DDE32000197A0 /* Shell */,
				5E1880A71E2DD5D4000197A0 /* AppDelegate.swift */,
				5E1880AB1E2DD5D4000197A0 /* Main.storyboard */,
				5E1880B11E2DD5D4000197A0 /* Assets.xcassets */,
				5E1880B31E2DD5D4000197A0 /* LaunchScreen.storyboard */,
				5E1880B61E2DD5D4000197A0 /* Info.plist */,
				5E1880AE1E2DD5D4000197A0 /* GiftLister.xcdatamodeld */,
				5E1880A91E2DD5D4000197A0 /* FriendSelectionViewController.swift */,
				5EE8532B1E33CDBF001E46C3 /* AddFriendViewController.swift */,
				5EE8532D1E33CDE8001E46C3 /* GiftListViewController.swift */,
				5EE8532F1E33CDFB001E46C3 /* AddGiftViewController.swift */,
			);
			path = GiftLister;
			sourceTree = "<group>";
		};
		5E1880CD1E2DDE32000197A0 /* Shell */ = {
			isa = PBXGroup;
			children = (
				5E1880CE1E2DDE4D000197A0 /* Script.sh */,
			);
			name = Shell;
			sourceTree = "<group>";
		};
/* End PBXGroup section */

/* Begin PBXNativeTarget section */
		5E1880A31E2DD5D4000197A0 /* GiftLister */ = {
			isa = PBXNativeTarget;
			buildConfigurationList = 5E1880B91E2DD5D4000197A0 /* Build configuration list for PBXNativeTarget "GiftLister" */;
			buildPhases = (
				5E1880A01E2DD5D4000197A0 /* Sources */,
				5E1880A11E2DD5D4000197A0 /* Frameworks */,
				5E1880A21E2DD5D4000197A0 /* Resources */,
				5EA069621E36A43300F174E8 /* ShellScript */,
			);
			buildRules = (
			);
			dependencies = (
			);
			name = GiftLister;
			productName = GiftLister;
			productReference = 5E1880A41E2DD5D4000197A0 /* GiftLister.app */;
			productType = "com.apple.product-type.application";
		};
/* End PBXNativeTarget section */

/* Begin PBXProject section */
		5E18809C1E2DD5D3000197A0 /* Project object */ = {
			isa = PBXProject;
			attributes = {
				LastSwiftUpdateCheck = 0820;
				LastUpgradeCheck = 0820;
				ORGANIZATIONNAME = "Ray Wenderlich";
				TargetAttributes = {
					5E1880A31E2DD5D4000197A0 = {
						CreatedOnToolsVersion = 8.2.1;
						DevelopmentTeam = EJKR6DJY6J;
						ProvisioningStyle = Automatic;
					};
				};
			};
			buildConfigurationList = 5E18809F1E2DD5D3000197A0 /* Build configuration list for PBXProject "GiftLister" */;
			compatibilityVersion = "Xcode 3.2";
			developmentRegion = English;
			hasScannedForEncodings = 0;
			knownRegions = (
				en,
				Base,
			);
			mainGroup = 5E18809B1E2DD5D3000197A0;
			productRefGroup = 5E1880A51E2DD5D4000197A0 /* Products */;
			projectDirPath = "";
			projectRoot = "";
			targets = (
				5E1880A31E2DD5D4000197A0 /* GiftLister */,
			);
		};
/* End PBXProject section */

/* Begin PBXResourcesBuildPhase section */
		5E1880A21E2DD5D4000197A0 /* Resources */ = {
			isa = PBXResourcesBuildPhase;
			buildActionMask = 2147483647;
			files = (
				5E1880B51E2DD5D4000197A0 /* LaunchScreen.storyboard in Resources */,
				5E1880B21E2DD5D4000197A0 /* Assets.xcassets in Resources */,
				5E1880AD1E2DD5D4000197A0 /* Main.storyboard in Resources */,
			);
			runOnlyForDeploymentPostprocessing = 0;
		};
/* End PBXResourcesBuildPhase section */

/* Begin PBXShellScriptBuildPhase section */
		5EA069621E36A43300F174E8 /* ShellScript */ = {
			isa = PBXShellScriptBuildPhase;
			buildActionMask = 2147483647;
			files = (
			);
			inputPaths = (
			);
			outputPaths = (
			);
			runOnlyForDeploymentPostprocessing = 0;
			shellPath = /bin/sh;
			shellScript = "TAGS=\"TODO:|FIXME:\"\necho \"searching ${SRCROOT} for ${TAGS}\"\nfind \"${SRCROOT}\" \\( -name \"*.swift\" \\) -print0 | xargs -0 egrep --with-filename --line-number --only-matching \"($TAGS).*\\$\" | perl -p -e \"s/($TAGS)/ warning: \\$1/\"";
		};
/* End PBXShellScriptBuildPhase section */

/* Begin PBXSourcesBuildPhase section */
		5E1880A01E2DD5D4000197A0 /* Sources */ = {
			isa = PBXSourcesBuildPhase;
			buildActionMask = 2147483647;
			files = (
				5EE853301E33CDFB001E46C3 /* AddGiftViewController.swift in Sources */,
				5EE8532C1E33CDBF001E46C3 /* AddFriendViewController.swift in Sources */,
				5EE8532E1E33CDE8001E46C3 /* GiftListViewController.swift in Sources */,
				5E1880B01E2DD5D4000197A0 /* GiftLister.xcdatamodeld in Sources */,
				5E1880AA1E2DD5D4000197A0 /* FriendSelectionViewController.swift in Sources */,
				5E1880A81E2DD5D4000197A0 /* AppDelegate.swift in Sources */,
			);
			runOnlyForDeploymentPostprocessing = 0;
		};
/* End PBXSourcesBuildPhase section */

/* Begin PBXVariantGroup section */
		5E1880AB1E2DD5D4000197A0 /* Main.storyboard */ = {
			isa = PBXVariantGroup;
			children = (
				5E1880AC1E2DD5D4000197A0 /* Base */,
			);
			name = Main.storyboard;
			sourceTree = "<group>";
		};
		5E1880B31E2DD5D4000197A0 /* LaunchScreen.storyboard */ = {
			isa = PBXVariantGroup;
			children = (
				5E1880B41E2DD5D4000197A0 /* Base */,
			);
			name = LaunchScreen.storyboard;
			sourceTree = "<group>";
		};
/* End PBXVariantGroup section */

/* Begin XCBuildConfiguration section */
		5E1880B71E2DD5D4000197A0 /* Debug */ = {
			isa = XCBuildConfiguration;
			buildSettings = {
				ALWAYS_SEARCH_USER_PATHS = NO;
				CLANG_ANALYZER_NONNULL = YES;
				CLANG_CXX_LANGUAGE_STANDARD = "gnu++0x";
				CLANG_CXX_LIBRARY = "libc++";
				CLANG_ENABLE_MODULES = YES;
				CLANG_ENABLE_OBJC_ARC = YES;
				CLANG_WARN_BOOL_CONVERSION = YES;
				CLANG_WARN_CONSTANT_CONVERSION = YES;
				CLANG_WARN_DIRECT_OBJC_ISA_USAGE = YES_ERROR;
				CLANG_WARN_DOCUMENTATION_COMMENTS = YES;
				CLANG_WARN_EMPTY_BODY = YES;
				CLANG_WARN_ENUM_CONVERSION = YES;
				CLANG_WARN_INFINITE_RECURSION = YES;
				CLANG_WARN_INT_CONVERSION = YES;
				CLANG_WARN_OBJC_ROOT_CLASS = YES_ERROR;
				CLANG_WARN_SUSPICIOUS_MOVE = YES;
				CLANG_WARN_UNREACHABLE_CODE = YES;
				CLANG_WARN__DUPLICATE_METHOD_MATCH = YES;
				"CODE_SIGN_IDENTITY[sdk=iphoneos*]" = "iPhone Developer";
				COPY_PHASE_STRIP = NO;
				DEBUG_INFORMATION_FORMAT = dwarf;
				ENABLE_STRICT_OBJC_MSGSEND = YES;
				ENABLE_TESTABILITY = YES;
				GCC_C_LANGUAGE_STANDARD = gnu99;
				GCC_DYNAMIC_NO_PIC = NO;
				GCC_NO_COMMON_BLOCKS = YES;
				GCC_OPTIMIZATION_LEVEL = 0;
				GCC_PREPROCESSOR_DEFINITIONS = (
					"DEBUG=1",
					"$(inherited)",
				);
				GCC_WARN_64_TO_32_BIT_CONVERSION = YES;
				GCC_WARN_ABOUT_RETURN_TYPE = YES_ERROR;
				GCC_WARN_UNDECLARED_SELECTOR = YES;
				GCC_WARN_UNINITIALIZED_AUTOS = YES_AGGRESSIVE;
				GCC_WARN_UNUSED_FUNCTION = YES;
				GCC_WARN_UNUSED_VARIABLE = YES;
				IPHONEOS_DEPLOYMENT_TARGET = 10.2;
				MTL_ENABLE_DEBUG_INFO = YES;
				ONLY_ACTIVE_ARCH = YES;
				SDKROOT = iphoneos;
				SWIFT_ACTIVE_COMPILATION_CONDITIONS = DEBUG;
				SWIFT_OPTIMIZATION_LEVEL = "-Onone";
				TARGETED_DEVICE_FAMILY = "1,2";
			};
			name = Debug;
		};
		5E1880B81E2DD5D4000197A0 /* Release */ = {
			isa = XCBuildConfiguration;
			buildSettings = {
				ALWAYS_SEARCH_USER_PATHS = NO;
				CLANG_ANALYZER_NONNULL = YES;
				CLANG_CXX_LANGUAGE_STANDARD = "gnu++0x";
				CLANG_CXX_LIBRARY = "libc++";
				CLANG_ENABLE_MODULES = YES;
				CLANG_ENABLE_OBJC_ARC = YES;
				CLANG_WARN_BOOL_CONVERSION = YES;
				CLANG_WARN_CONSTANT_CONVERSION = YES;
				CLANG_WARN_DIRECT_OBJC_ISA_USAGE = YES_ERROR;
				CLANG_WARN_DOCUMENTATION_COMMENTS = YES;
				CLANG_WARN_EMPTY_BODY = YES;
				CLANG_WARN_ENUM_CONVERSION = YES;
				CLANG_WARN_INFINITE_RECURSION = YES;
				CLANG_WARN_INT_CONVERSION = YES;
				CLANG_WARN_OBJC_ROOT_CLASS = YES_ERROR;
				CLANG_WARN_SUSPICIOUS_MOVE = YES;
				CLANG_WARN_UNREACHABLE_CODE = YES;
				CLANG_WARN__DUPLICATE_METHOD_MATCH = YES;
				"CODE_SIGN_IDENTITY[sdk=iphoneos*]" = "iPhone Developer";
				COPY_PHASE_STRIP = NO;
				DEBUG_INFORMATION_FORMAT = "dwarf-with-dsym";
				ENABLE_NS_ASSERTIONS = NO;
				ENABLE_STRICT_OBJC_MSGSEND = YES;
				GCC_C_LANGUAGE_STANDARD = gnu99;
				GCC_NO_COMMON_BLOCKS = YES;
				GCC_WARN_64_TO_32_BIT_CONVERSION = YES;
				GCC_WARN_ABOUT_RETURN_TYPE = YES_ERROR;
				GCC_WARN_UNDECLARED_SELECTOR = YES;
				GCC_WARN_UNINITIALIZED_AUTOS = YES_AGGRESSIVE;
				GCC_WARN_UNUSED_FUNCTION = YES;
				GCC_WARN_UNUSED_VARIABLE = YES;
				IPHONEOS_DEPLOYMENT_TARGET = 10.2;
				MTL_ENABLE_DEBUG_INFO = NO;
				SDKROOT = iphoneos;
				SWIFT_OPTIMIZATION_LEVEL = "-Owholemodule";
				TARGETED_DEVICE_FAMILY = "1,2";
				VALIDATE_PRODUCT = YES;
			};
			name = Release;
		};
		5E1880BA1E2DD5D4000197A0 /* Debug */ = {
			isa = XCBuildConfiguration;
			buildSettings = {
				ASSETCATALOG_COMPILER_APPICON_NAME = AppIcon;
				DEVELOPMENT_TEAM = EJKR6DJY6J;
				INFOPLIST_FILE = GiftLister/Info.plist;
				LD_RUNPATH_SEARCH_PATHS = "$(inherited) @executable_path/Frameworks";
				PRODUCT_BUNDLE_IDENTIFIER = com.razeware.GiftLister;
				PRODUCT_NAME = "$(TARGET_NAME)";
				SWIFT_VERSION = 3.0;
				TARGETED_DEVICE_FAMILY = 1;
			};
			name = Debug;
		};
		5E1880BB1E2DD5D4000197A0 /* Release */ = {
			isa = XCBuildConfiguration;
			buildSettings = {
				ASSETCATALOG_COMPILER_APPICON_NAME = AppIcon;
				DEVELOPMENT_TEAM = EJKR6DJY6J;
				INFOPLIST_FILE = GiftLister/Info.plist;
				LD_RUNPATH_SEARCH_PATHS = "$(inherited) @executable_path/Frameworks";
				PRODUCT_BUNDLE_IDENTIFIER = com.razeware.GiftLister;
				PRODUCT_NAME = "$(TARGET_NAME)";
				SWIFT_VERSION = 3.0;
				TARGETED_DEVICE_FAMILY = 1;
			};
			name = Release;
		};
/* End XCBuildConfiguration section */

/* Begin XCConfigurationList section */
		5E18809F1E2DD5D3000197A0 /* Build configuration list for PBXProject "GiftLister" */ = {
			isa = XCConfigurationList;
			buildConfigurations = (
				5E1880B71E2DD5D4000197A0 /* Debug */,
				5E1880B81E2DD5D4000197A0 /* Release */,
			);
			defaultConfigurationIsVisible = 0;
			defaultConfigurationName = Release;
		};
		5E1880B91E2DD5D4000197A0 /* Build configuration list for PBXNativeTarget "GiftLister" */ = {
			isa = XCConfigurationList;
			buildConfigurations = (
				5E1880BA1E2DD5D4000197A0 /* Debug */,
				5E1880BB1E2DD5D4000197A0 /* Release */,
			);
			defaultConfigurationIsVisible = 0;
			defaultConfigurationName = Release;
		};
/* End XCConfigurationList section */

/* Begin XCVersionGroup section */
		5E1880AE1E2DD5D4000197A0 /* GiftLister.xcdatamodeld */ = {
			isa = XCVersionGroup;
			children = (
				5E1880AF1E2DD5D4000197A0 /* GiftLister.xcdatamodel */,
			);
			currentVersion = 5E1880AF1E2DD5D4000197A0 /* GiftLister.xcdatamodel */;
			path = GiftLister.xcdatamodeld;
			sourceTree = "<group>";
			versionGroupType = wrapper.xcdatamodel;
		};
/* End XCVersionGroup section */
	};
	rootObject = 5E18809C1E2DD5D3000197A0 /* Project object */;
}
